
Microsoft Visual Studio Solution File, Format Version 12.00
# Visual Studio Version 17
VisualStudioVersion = 17.0.31903.59
MinimumVisualStudioVersion = 10.0.40219.1
Project("{FAE04EC0-301F-11D3-BF4B-00C04F79EFBC}") = "LoadBalancer.Domain", "LoadBalancer.Domain\LoadBalancer.Domain.csproj", "{A759077D-5F54-43C0-92A9-C04893400826}"
EndProject
Project("{FAE04EC0-301F-11D3-BF4B-00C04F79EFBC}") = "LoadBalancer.Application", "LoadBalancer.Application\LoadBalancer.Application.csproj", "{4BE10193-D89F-4F72-A265-F7A762953D1C}"
EndProject
Project("{FAE04EC0-301F-11D3-BF4B-00C04F79EFBC}") = "LoadBalancer.Infrastructure", "LoadBalancer.Infrastructure\LoadBalancer.Infrastructure.csproj", "{7F8A81A7-7DF0-47E4-8ED8-5E2FF0202A45}"
EndProject
Project("{FAE04EC0-301F-11D3-BF4B-00C04F79EFBC}") = "LoadBalancer.Tests", "LoadBalancer.Tests\LoadBalancer.Tests.csproj", "{405D503F-BDE1-4422-B5B2-B05A6ED10FE2}"
EndProject
Project("{FAE04EC0-301F-11D3-BF4B-00C04F79EFBC}") = "LoadBalancer.Sample", "LoadBalancer.Sample\LoadBalancer.Sample.csproj", "{F53A6BEE-42CB-4EA4-A9D8-65F3AF183554}"
EndProject
Global
	GlobalSection(SolutionConfigurationPlatforms) = preSolution
		Debug|Any CPU = Debug|Any CPU
		Debug|x64 = Debug|x64
		Debug|x86 = Debug|x86
		Release|Any CPU = Release|Any CPU
		Release|x64 = Release|x64
		Release|x86 = Release|x86
	EndGlobalSection
	GlobalSection(ProjectConfigurationPlatforms) = postSolution
		{A759077D-5F54-43C0-92A9-C04893400826}.Debug|Any CPU.ActiveCfg = Debug|Any CPU
		{A759077D-5F54-43C0-92A9-C04893400826}.Debug|Any CPU.Build.0 = Debug|Any CPU
		{A759077D-5F54-43C0-92A9-C04893400826}.Debug|x64.ActiveCfg = Debug|Any CPU
		{A759077D-5F54-43C0-92A9-C04893400826}.Debug|x64.Build.0 = Debug|Any CPU
		{A759077D-5F54-43C0-92A9-C04893400826}.Debug|x86.ActiveCfg = Debug|Any CPU
		{A759077D-5F54-43C0-92A9-C04893400826}.Debug|x86.Build.0 = Debug|Any CPU
		{A759077D-5F54-43C0-92A9-C04893400826}.Release|Any CPU.ActiveCfg = Release|Any CPU
		{A759077D-5F54-43C0-92A9-C04893400826}.Release|Any CPU.Build.0 = Release|Any CPU
		{A759077D-5F54-43C0-92A9-C04893400826}.Release|x64.ActiveCfg = Release|Any CPU
		{A759077D-5F54-43C0-92A9-C04893400826}.Release|x64.Build.0 = Release|Any CPU
		{A759077D-5F54-43C0-92A9-C04893400826}.Release|x86.ActiveCfg = Release|Any CPU
		{A759077D-5F54-43C0-92A9-C04893400826}.Release|x86.Build.0 = Release|Any CPU
		{4BE10193-D89F-4F72-A265-F7A762953D1C}.Debug|Any CPU.ActiveCfg = Debug|Any CPU
		{4BE10193-D89F-4F72-A265-F7A762953D1C}.Debug|Any CPU.Build.0 = Debug|Any CPU
		{4BE10193-D89F-4F72-A265-F7A762953D1C}.Debug|x64.ActiveCfg = Debug|Any CPU
		{4BE10193-D89F-4F72-A265-F7A762953D1C}.Debug|x64.Build.0 = Debug|Any CPU
		{4BE10193-D89F-4F72-A265-F7A762953D1C}.Debug|x86.ActiveCfg = Debug|Any CPU
		{4BE10193-D89F-4F72-A265-F7A762953D1C}.Debug|x86.Build.0 = Debug|Any CPU
		{4BE10193-D89F-4F72-A265-F7A762953D1C}.Release|Any CPU.ActiveCfg = Release|Any CPU
		{4BE10193-D89F-4F72-A265-F7A762953D1C}.Release|Any CPU.Build.0 = Release|Any CPU
		{4BE10193-D89F-4F72-A265-F7A762953D1C}.Release|x64.ActiveCfg = Release|Any CPU
		{4BE10193-D89F-4F72-A265-F7A762953D1C}.Release|x64.Build.0 = Release|Any CPU
		{4BE10193-D89F-4F72-A265-F7A762953D1C}.Release|x86.ActiveCfg = Release|Any CPU
		{4BE10193-D89F-4F72-A265-F7A762953D1C}.Release|x86.Build.0 = Release|Any CPU
		{7F8A81A7-7DF0-47E4-8ED8-5E2FF0202A45}.Debug|Any CPU.ActiveCfg = Debug|Any CPU
		{7F8A81A7-7DF0-47E4-8ED8-5E2FF0202A45}.Debug|Any CPU.Build.0 = Debug|Any CPU
		{7F8A81A7-7DF0-47E4-8ED8-5E2FF0202A45}.Debug|x64.ActiveCfg = Debug|Any CPU
		{7F8A81A7-7DF0-47E4-8ED8-5E2FF0202A45}.Debug|x64.Build.0 = Debug|Any CPU
		{7F8A81A7-7DF0-47E4-8ED8-5E2FF0202A45}.Debug|x86.ActiveCfg = Debug|Any CPU
		{7F8A81A7-7DF0-47E4-8ED8-5E2FF0202A45}.Debug|x86.Build.0 = Debug|Any CPU
		{7F8A81A7-7DF0-47E4-8ED8-5E2FF0202A45}.Release|Any CPU.ActiveCfg = Release|Any CPU
		{7F8A81A7-7DF0-47E4-8ED8-5E2FF0202A45}.Release|Any CPU.Build.0 = Release|Any CPU
		{7F8A81A7-7DF0-47E4-8ED8-5E2FF0202A45}.Release|x64.ActiveCfg = Release|Any CPU
		{7F8A81A7-7DF0-47E4-8ED8-5E2FF0202A45}.Release|x64.Build.0 = Release|Any CPU
		{7F8A81A7-7DF0-47E4-8ED8-5E2FF0202A45}.Release|x86.ActiveCfg = Release|Any CPU
		{7F8A81A7-7DF0-47E4-8ED8-5E2FF0202A45}.Release|x86.Build.0 = Release|Any CPU
		{405D503F-BDE1-4422-B5B2-B05A6ED10FE2}.Debug|Any CPU.ActiveCfg = Debug|Any CPU
		{405D503F-BDE1-4422-B5B2-B05A6ED10FE2}.Debug|Any CPU.Build.0 = Debug|Any CPU
		{405D503F-BDE1-4422-B5B2-B05A6ED10FE2}.Debug|x64.ActiveCfg = Debug|Any CPU
		{405D503F-BDE1-4422-B5B2-B05A6ED10FE2}.Debug|x64.Build.0 = Debug|Any CPU
		{405D503F-BDE1-4422-B5B2-B05A6ED10FE2}.Debug|x86.ActiveCfg = Debug|Any CPU
		{405D503F-BDE1-4422-B5B2-B05A6ED10FE2}.Debug|x86.Build.0 = Debug|Any CPU
		{405D503F-BDE1-4422-B5B2-B05A6ED10FE2}.Release|Any CPU.ActiveCfg = Release|Any CPU
		{405D503F-BDE1-4422-B5B2-B05A6ED10FE2}.Release|Any CPU.Build.0 = Release|Any CPU
		{405D503F-BDE1-4422-B5B2-B05A6ED10FE2}.Release|x64.ActiveCfg = Release|Any CPU
		{405D503F-BDE1-4422-B5B2-B05A6ED10FE2}.Release|x64.Build.0 = Release|Any CPU
		{405D503F-BDE1-4422-B5B2-B05A6ED10FE2}.Release|x86.ActiveCfg = Release|Any CPU
		{405D503F-BDE1-4422-B5B2-B05A6ED10FE2}.Release|x86.Build.0 = Release|Any CPU
		{F53A6BEE-42CB-4EA4-A9D8-65F3AF183554}.Debug|Any CPU.ActiveCfg = Debug|Any CPU
		{F53A6BEE-42CB-4EA4-A9D8-65F3AF183554}.Debug|Any CPU.Build.0 = Debug|Any CPU
		{F53A6BEE-42CB-4EA4-A9D8-65F3AF183554}.Debug|x64.ActiveCfg = Debug|Any CPU
		{F53A6BEE-42CB-4EA4-A9D8-65F3AF183554}.Debug|x64.Build.0 = Debug|Any CPU
		{F53A6BEE-42CB-4EA4-A9D8-65F3AF183554}.Debug|x86.ActiveCfg = Debug|Any CPU
		{F53A6BEE-42CB-4EA4-A9D8-65F3AF183554}.Debug|x86.Build.0 = Debug|Any CPU
		{F53A6BEE-42CB-4EA4-A9D8-65F3AF183554}.Release|Any CPU.ActiveCfg = Release|Any CPU
		{F53A6BEE-42CB-4EA4-A9D8-65F3AF183554}.Release|Any CPU.Build.0 = Release|Any CPU
		{F53A6BEE-42CB-4EA4-A9D8-65F3AF183554}.Release|x64.ActiveCfg = Release|Any CPU
		{F53A6BEE-42CB-4EA4-A9D8-65F3AF183554}.Release|x64.Build.0 = Release|Any CPU
		{F53A6BEE-42CB-4EA4-A9D8-65F3AF183554}.Release|x86.ActiveCfg = Release|Any CPU
		{F53A6BEE-42CB-4EA4-A9D8-65F3AF183554}.Release|x86.Build.0 = Release|Any CPU
	EndGlobalSection
	GlobalSection(SolutionProperties) = preSolution
		HideSolutionNode = FALSE
	EndGlobalSection
EndGlobal
